{
    "_readme": [
        "This file locks the dependencies of your project to a known state",
        "Read more about it at https://getcomposer.org/doc/01-basic-usage.md#composer-lock-the-lock-file",
        "This file is @generated automatically"
    ],
    "content-hash": "5b11ac9463677f7bff13c1aee5f87bf5",
    "packages": [
        {
            "name": "aura/accept",
            "version": "2.x-dev",
            "source": {
                "type": "git",
                "url": "https://github.com/auraphp/Aura.Accept.git",
                "reference": "e7959639b7014501f9dfb886e85ba0f765501fde"
            },
            "dist": {
                "type": "zip",
                "url": "https://files.phpcomposer.com/files/auraphp/Aura.Accept/e7959639b7014501f9dfb886e85ba0f765501fde.zip",
                "reference": "e7959639b7014501f9dfb886e85ba0f765501fde",
                "shasum": ""
            },
            "require": {
                "php": ">=5.3.0"
            },
            "require-dev": {
                "aura/di": "~2.0",
                "phpunit/phpunit": "~5.7 || ~4.8"
            },
            "type": "library",
            "extra": {
                "aura": {
                    "type": "library",
                    "config": {
                        "common": "Aura\\Accept\\_Config\\Common"
                    }
                }
            },
            "autoload": {
                "psr-4": {
                    "Aura\\Accept\\": "src/",
                    "Aura\\Accept\\_Config\\": "config/"
                }
            },
            "notification-url": "https://packagist.org/downloads/",
            "license": [
                "BSD-2-Clause"
            ],
            "authors": [
                {
                    "name": "Aura.Accept Contributors",
                    "homepage": "https://github.com/auraphp/Aura.Accept/contributors"
                }
            ],
            "description": "Provides content-negotiation tools using Accept* headers.",
            "homepage": "https://github.com/auraphp/Aura.Accept",
            "keywords": [
                "accept",
                "accept-charset",
                "accept-encoding",
                "accept-language",
                "content negotiation",
                "content type",
                "media type"
            ],
            "time": "2017-10-06T13:08:53+00:00"
        },
        {
            "name": "evenement/evenement",
            "version": "v2.1.0",
            "source": {
                "type": "git",
                "url": "https://github.com/igorw/evenement.git",
                "reference": "6ba9a777870ab49f417e703229d53931ed40fd7a"
            },
            "dist": {
                "type": "zip",
                "url": "https://files.phpcomposer.com/files/igorw/evenement/6ba9a777870ab49f417e703229d53931ed40fd7a.zip",
                "reference": "6ba9a777870ab49f417e703229d53931ed40fd7a",
                "shasum": ""
            },
            "require": {
                "php": ">=5.4.0"
            },
            "require-dev": {
                "phpunit/phpunit": "^6.0||^5.7||^4.8.35"
            },
            "type": "library",
            "extra": {
                "branch-alias": {
                    "dev-master": "2.0-dev"
                }
            },
            "autoload": {
                "psr-0": {
                    "Evenement": "src"
                }
            },
            "notification-url": "https://packagist.org/downloads/",
            "license": [
                "MIT"
            ],
            "authors": [
                {
                    "name": "Igor Wiedler",
                    "email": "igor@wiedler.ch"
                }
            ],
            "description": "Événement is a very simple event dispatching library for PHP",
            "keywords": [
                "event-dispatcher",
                "event-emitter"
            ],
            "time": "2017-07-17T17:39:19+00:00"
        },
        {
            "name": "gpolguere/path-to-regexp-php",
            "version": "dev-master",
            "source": {
                "type": "git",
                "url": "https://github.com/gpolguere/path-to-regexp-php.git",
                "reference": "6110ab90880a52a1edc4823975725e563db6a7e7"
            },
            "dist": {
                "type": "zip",
                "url": "https://files.phpcomposer.com/files/gpolguere/path-to-regexp-php/6110ab90880a52a1edc4823975725e563db6a7e7.zip",
                "reference": "6110ab90880a52a1edc4823975725e563db6a7e7",
                "shasum": ""
            },
            "require": {
                "php": ">=5.3.0"
            },
            "type": "project",
            "autoload": {
                "files": [
                    "src/PathToRegexp.php"
                ]
            },
            "notification-url": "https://packagist.org/downloads/",
            "license": [
                "MIT"
            ],
            "authors": [
                {
                    "name": "Gil Polguère",
                    "email": "gpolguere@gmail.com"
                }
            ],
            "description": "PHP port of https://github.com/component/path-to-regexp",
            "homepage": "https://github.com/gpolguere/path-to-regexp-php",
            "keywords": [
                "Match",
                "convert",
                "path",
                "regexp",
                "route",
                "routing"
            ],
            "time": "2017-02-14T18:09:26+00:00"
        },
        {
            "name": "opis/http",
            "version": "2.0.x-dev",
            "source": {
                "type": "git",
                "url": "https://github.com/opis/http.git",
                "reference": "c36af3acc84ae198170ccc4e829d3868326a8553"
            },
            "dist": {
                "type": "zip",
                "url": "https://files.phpcomposer.com/files/opis/http/c36af3acc84ae198170ccc4e829d3868326a8553.zip",
                "reference": "c36af3acc84ae198170ccc4e829d3868326a8553",
                "shasum": ""
            },
            "require": {
                "php": ">=5.3.0"
            },
            "type": "library",
            "autoload": {
                "psr-4": {
                    "Opis\\Http\\": "lib/"
                }
            },
            "notification-url": "https://packagist.org/downloads/",
            "license": [
                "Apache-2.0"
            ],
            "authors": [
                {
                    "name": "Marius Sarca",
                    "email": "marius.sarca@gmail.com"
                }
            ],
            "description": "An HTTP abstraction layer that eases the work with HTTP requests and responses",
            "homepage": "http://opis.io",
            "keywords": [
                "abstraction",
                "http",
                "opis",
                "request",
                "response"
            ],
            "time": "2017-07-08T06:33:17+00:00"
        },
        {
            "name": "petrgrishin/pipe",
            "version": "1.1.0",
            "source": {
                "type": "git",
                "url": "https://github.com/petrgrishin/pipe.git",
                "reference": "3bc541aaed025aad2bc2a8a7d889ea4f10f72e41"
            },
            "dist": {
                "type": "zip",
                "url": "https://files.phpcomposer.com/files/petrgrishin/pipe/3bc541aaed025aad2bc2a8a7d889ea4f10f72e41.zip",
                "reference": "3bc541aaed025aad2bc2a8a7d889ea4f10f72e41",
                "shasum": ""
            },
            "require": {
                "php": ">=5.3.0"
            },
            "require-dev": {
                "league/phpunit-coverage-listener": "~1.0"
            },
            "type": "library",
            "autoload": {
                "psr-4": {
                    "PetrGrishin\\Pipe\\": "src/"
                }
            },
            "notification-url": "https://packagist.org/downloads/",
            "license": [
                "MIT"
            ],
            "authors": [
                {
                    "name": "Petr Grishin",
                    "email": "petr.grishin@grishini.ru"
                }
            ],
            "description": "Helper in your project for the integration of middleware",
            "time": "2015-02-19T20:58:01+00:00"
        },
        {
            "name": "symfony/polyfill-mbstring",
            "version": "dev-master",
            "source": {
                "type": "git",
                "url": "https://github.com/symfony/polyfill-mbstring.git",
                "reference": "2ec8b39c38cb16674bbf3fea2b6ce5bf117e1296"
            },
            "dist": {
                "type": "zip",
                "url": "https://files.phpcomposer.com/files/symfony/polyfill-mbstring/2ec8b39c38cb16674bbf3fea2b6ce5bf117e1296.zip",
                "reference": "2ec8b39c38cb16674bbf3fea2b6ce5bf117e1296",
                "shasum": ""
            },
            "require": {
                "php": ">=5.3.3"
            },
            "suggest": {
                "ext-mbstring": "For best performance"
            },
            "type": "library",
            "extra": {
                "branch-alias": {
                    "dev-master": "1.6-dev"
                }
            },
            "autoload": {
                "psr-4": {
                    "Symfony\\Polyfill\\Mbstring\\": ""
                },
                "files": [
                    "bootstrap.php"
                ]
            },
            "notification-url": "https://packagist.org/downloads/",
            "license": [
                "MIT"
            ],
            "authors": [
                {
                    "name": "Nicolas Grekas",
                    "email": "p@tchwork.com"
                },
                {
                    "name": "Symfony Community",
                    "homepage": "https://symfony.com/contributors"
                }
            ],
            "description": "Symfony polyfill for the Mbstring extension",
            "homepage": "https://symfony.com",
            "keywords": [
                "compatibility",
                "mbstring",
                "polyfill",
                "portable",
                "shim"
            ],
            "time": "2017-10-11T12:05:26+00:00"
        },
        {
            "name": "symfony/var-dumper",
            "version": "3.4.x-dev",
            "source": {
                "type": "git",
                "url": "https://github.com/symfony/var-dumper.git",
                "reference": "41c9a132b8f96797e750ccb50d1064aab5b16d93"
            },
            "dist": {
                "type": "zip",
                "url": "https://files.phpcomposer.com/files/symfony/var-dumper/41c9a132b8f96797e750ccb50d1064aab5b16d93.zip",
                "reference": "41c9a132b8f96797e750ccb50d1064aab5b16d93",
                "shasum": ""
            },
            "require": {
                "php": "^5.5.9|>=7.0.8",
                "symfony/polyfill-mbstring": "~1.0"
            },
            "conflict": {
                "phpunit/phpunit": "<4.8.35|<5.4.3,>=5.0"
            },
            "require-dev": {
                "ext-iconv": "*",
                "twig/twig": "~1.34|~2.4"
            },
            "suggest": {
                "ext-iconv": "To convert non-UTF-8 strings to UTF-8 (or symfony/polyfill-iconv in case ext-iconv cannot be used).",
                "ext-intl": "To show region name in time zone dump",
                "ext-symfony_debug": ""
            },
            "type": "library",
            "extra": {
                "branch-alias": {
                    "dev-master": "3.4-dev"
                }
            },
            "autoload": {
                "files": [
                    "Resources/functions/dump.php"
                ],
                "psr-4": {
                    "Symfony\\Component\\VarDumper\\": ""
                },
                "exclude-from-classmap": [
                    "/Tests/"
                ]
            },
            "notification-url": "https://packagist.org/downloads/",
            "license": [
                "MIT"
            ],
            "authors": [
                {
                    "name": "Nicolas Grekas",
                    "email": "p@tchwork.com"
                },
                {
                    "name": "Symfony Community",
                    "homepage": "https://symfony.com/contributors"
                }
            ],
            "description": "Symfony mechanism for exploring and dumping PHP variables",
            "homepage": "https://symfony.com",
            "keywords": [
                "debug",
                "dump"
            ],
            "time": "2017-10-10T17:27:52+00:00"
        }
    ],
    "packages-dev": [],
    "aliases": [],
    "minimum-stability": "dev",
    "stability-flags": {
        "gpolguere/path-to-regexp-php": 20,
        "aura/accept": 20,
        "symfony/var-dumper": 20,
        "opis/http": 20
    },
    "prefer-stable": false,
    "prefer-lowest": false,
    "platform": [],
    "platform-dev": []
}
