{
    "_readme": [
        "This file locks the dependencies of your project to a known state",
        "Read more about it at https://getcomposer.org/doc/01-basic-usage.md#composer-lock-the-lock-file",
        "This file is @generated automatically"
    ],
    "content-hash": "9fde3d08ae5b37b49c2fcda4c5eeb901",
    "packages": [
        {
            "name": "evenement/evenement",
            "version": "v2.0.0",
            "source": {
                "type": "git",
                "url": "https://github.com/igorw/evenement.git",
                "reference": "f6e843799fd4f4184d54d8fc7b5b3551c9fa803e"
            },
            "dist": {
                "type": "zip",
                "url": "https://files.phpcomposer.com/files/igorw/evenement/f6e843799fd4f4184d54d8fc7b5b3551c9fa803e.zip",
                "reference": "f6e843799fd4f4184d54d8fc7b5b3551c9fa803e",
                "shasum": ""
            },
            "require": {
                "php": ">=5.4.0"
            },
            "type": "library",
            "extra": {
                "branch-alias": {
                    "dev-master": "2.0-dev"
                }
            },
            "autoload": {
                "psr-0": {
                    "Evenement": "src"
                }
            },
            "notification-url": "https://packagist.org/downloads/",
            "license": [
                "MIT"
            ],
            "authors": [
                {
                    "name": "Igor Wiedler",
                    "email": "igor@wiedler.ch",
                    "homepage": "http://wiedler.ch/igor/"
                }
            ],
            "description": "Événement is a very simple event dispatching library for PHP",
            "keywords": [
                "event-dispatcher",
                "event-emitter"
            ],
            "time": "2012-11-02T14:49:47+00:00"
        },
        {
            "name": "gpolguere/path-to-regexp-php",
            "version": "dev-master",
            "source": {
                "type": "git",
                "url": "https://github.com/gpolguere/path-to-regexp-php.git",
                "reference": "6110ab90880a52a1edc4823975725e563db6a7e7"
            },
            "dist": {
                "type": "zip",
                "url": "https://files.phpcomposer.com/files/gpolguere/path-to-regexp-php/6110ab90880a52a1edc4823975725e563db6a7e7.zip",
                "reference": "6110ab90880a52a1edc4823975725e563db6a7e7",
                "shasum": ""
            },
            "require": {
                "php": ">=5.3.0"
            },
            "type": "project",
            "autoload": {
                "files": [
                    "src/PathToRegexp.php"
                ]
            },
            "notification-url": "https://packagist.org/downloads/",
            "license": [
                "MIT"
            ],
            "authors": [
                {
                    "name": "Gil Polguère",
                    "email": "gpolguere@gmail.com"
                }
            ],
            "description": "PHP port of https://github.com/component/path-to-regexp",
            "homepage": "https://github.com/gpolguere/path-to-regexp-php",
            "keywords": [
                "Match",
                "convert",
                "path",
                "regexp",
                "route",
                "routing"
            ],
            "time": "2017-02-14T18:09:26+00:00"
        },
        {
            "name": "petrgrishin/pipe",
            "version": "1.1.0",
            "source": {
                "type": "git",
                "url": "https://github.com/petrgrishin/pipe.git",
                "reference": "3bc541aaed025aad2bc2a8a7d889ea4f10f72e41"
            },
            "dist": {
                "type": "zip",
                "url": "https://files.phpcomposer.com/files/petrgrishin/pipe/3bc541aaed025aad2bc2a8a7d889ea4f10f72e41.zip",
                "reference": "3bc541aaed025aad2bc2a8a7d889ea4f10f72e41",
                "shasum": ""
            },
            "require": {
                "php": ">=5.3.0"
            },
            "require-dev": {
                "league/phpunit-coverage-listener": "~1.0"
            },
            "type": "library",
            "autoload": {
                "psr-4": {
                    "PetrGrishin\\Pipe\\": "src/"
                }
            },
            "notification-url": "https://packagist.org/downloads/",
            "license": [
                "MIT"
            ],
            "authors": [
                {
                    "name": "Petr Grishin",
                    "email": "petr.grishin@grishini.ru"
                }
            ],
            "description": "Helper in your project for the integration of middleware",
            "time": "2015-02-19T20:58:01+00:00"
        }
    ],
    "packages-dev": [
        {
            "name": "brick/http",
            "version": "dev-master",
            "source": {
                "type": "git",
                "url": "https://github.com/brick/http.git",
                "reference": "d3733a6ddd34cc12766fc7c511234d80bdba89c0"
            },
            "dist": {
                "type": "zip",
                "url": "https://files.phpcomposer.com/files/brick/http/d3733a6ddd34cc12766fc7c511234d80bdba89c0.zip",
                "reference": "d3733a6ddd34cc12766fc7c511234d80bdba89c0",
                "shasum": ""
            },
            "require": {
                "php": ">=5.6"
            },
            "require-dev": {
                "phpunit/phpunit": "5.*",
                "satooshi/php-coveralls": "1.*"
            },
            "type": "library",
            "autoload": {
                "psr-4": {
                    "Brick\\Http\\": "src/",
                    "Brick\\Http\\Tests\\": "tests/"
                }
            },
            "notification-url": "https://packagist.org/downloads/",
            "license": [
                "MIT"
            ],
            "description": "HTTP request and response library",
            "keywords": [
                "brick",
                "http",
                "request",
                "response"
            ],
            "time": "2017-02-24T22:00:49+00:00"
        }
    ],
    "aliases": [],
    "minimum-stability": "dev",
    "stability-flags": {
        "gpolguere/path-to-regexp-php": 20,
        "brick/http": 20
    },
    "prefer-stable": false,
    "prefer-lowest": false,
    "platform": [],
    "platform-dev": []
}
